Web_Fingerprint("example.com");
HTTP_Security_Audit("example.com");
Port_Probe("scanme.nmap.org");
DNS_Intel("example.com");
Password_Leak_Check("password123");
File_Entropy("sample.exe");
Brute_Force_Simulation("admin", 10000);
Compute("Done!");
Phone_Info("+919009800061");
Compute("The MD5 Result is");
Hash_Compute("MYnAmeIsTaNMaYCZaX","md5");
